// !$*UTF8*$!
{
	archiveVersion = 1;
	classes = {
	};
	objectVersion = 46;
	objects = {

/* Begin PBXBuildFile section */
		1A1FA4001D2307EC004BC352 /* libxml2.tbd in Frameworks */ = {isa = PBXBuildFile; fileRef = 1A1FA3FF1D2307EC004BC352 /* libxml2.tbd */; };
		1A2EC0EA1D35555100EB6405 /* ExportMenu.swift in Sources */ = {isa = PBXBuildFile; fileRef = 1A2EC0E91D35555100EB6405 /* ExportMenu.swift */; };
		1A52928A1D00B7880081F097 /* openhumans.png in Resources */ = {isa = PBXBuildFile; fileRef = 1A5292891D00B7880081F097 /* openhumans.png */; };
		1A54C0CC1D146C06002C0C81 /* OhSettings.plist in Resources */ = {isa = PBXBuildFile; fileRef = 1A54C0CB1D146C06002C0C81 /* OhSettings.plist */; };
		1A54C0D01D159428002C0C81 /* DataView.swift in Sources */ = {isa = PBXBuildFile; fileRef = 1A54C0CF1D159428002C0C81 /* DataView.swift */; };
		1A54C0D21D159B45002C0C81 /* MainMenu.swift in Sources */ = {isa = PBXBuildFile; fileRef = 1A54C0D11D159B45002C0C81 /* MainMenu.swift */; };
		1A9D6C081CD2A6B100FF91CD /* AppDelegate.swift in Sources */ = {isa = PBXBuildFile; fileRef = 1A9D6C071CD2A6B100FF91CD /* AppDelegate.swift */; };
		1A9D6C0A1CD2A6B100FF91CD /* ViewController.swift in Sources */ = {isa = PBXBuildFile; fileRef = 1A9D6C091CD2A6B100FF91CD /* ViewController.swift */; };
		1A9D6C0D1CD2A6B100FF91CD /* Main.storyboard in Resources */ = {isa = PBXBuildFile; fileRef = 1A9D6C0B1CD2A6B100FF91CD /* Main.storyboard */; };
		1A9D6C101CD2A6B100FF91CD /* OpenHumansUpload.xcdatamodeld in Sources */ = {isa = PBXBuildFile; fileRef = 1A9D6C0E1CD2A6B100FF91CD /* OpenHumansUpload.xcdatamodeld */; };
		1A9D6C121CD2A6B100FF91CD /* Assets.xcassets in Resources */ = {isa = PBXBuildFile; fileRef = 1A9D6C111CD2A6B100FF91CD /* Assets.xcassets */; };
		1A9D6C151CD2A6B100FF91CD /* LaunchScreen.storyboard in Resources */ = {isa = PBXBuildFile; fileRef = 1A9D6C131CD2A6B100FF91CD /* LaunchScreen.storyboard */; };
		1A9D6C391CD2AC5900FF91CD /* HealthKit.framework in Frameworks */ = {isa = PBXBuildFile; fileRef = 1A9D6C381CD2AC5900FF91CD /* HealthKit.framework */; };
		1A9FE51D1D245E9A006B8E13 /* OpenHumansAppLogo180.png in Resources */ = {isa = PBXBuildFile; fileRef = 1A9FE51C1D245E9A006B8E13 /* OpenHumansAppLogo180.png */; };
		1A9FE5211D26F59B006B8E13 /* DataFileView.swift in Sources */ = {isa = PBXBuildFile; fileRef = 1A9FE5201D26F59B006B8E13 /* DataFileView.swift */; };
		1AD810B11D075E2A00867498 /* OH_OAuth2.swift in Sources */ = {isa = PBXBuildFile; fileRef = 1AD810B01D075E2A00867498 /* OH_OAuth2.swift */; };
		1AD810B71D076F1000867498 /* OhSettings-example.plist in Resources */ = {isa = PBXBuildFile; fileRef = 1AD810B61D076F1000867498 /* OhSettings-example.plist */; };
		1AD810BB1D08985A00867498 /* close-button.png in Resources */ = {isa = PBXBuildFile; fileRef = 1AD810BA1D08985A00867498 /* close-button.png */; };
		1AE68E561D4FDA4C00A6268F /* Fabric.framework in Frameworks */ = {isa = PBXBuildFile; fileRef = 1AE68E541D4FDA4C00A6268F /* Fabric.framework */; };
		1AE68E571D4FDA4C00A6268F /* Crashlytics.framework in Frameworks */ = {isa = PBXBuildFile; fileRef = 1AE68E551D4FDA4C00A6268F /* Crashlytics.framework */; };
		FC286A3CFF7424F73EB46D3A /* Pods_OpenHumansUpload.framework in Frameworks */ = {isa = PBXBuildFile; fileRef = E9CDAFFC729ED0FED95EA7A4 /* Pods_OpenHumansUpload.framework */; };
/* End PBXBuildFile section */

/* Begin PBXFileReference section */
		1A1FA3FF1D2307EC004BC352 /* libxml2.tbd */ = {isa = PBXFileReference; lastKnownFileType = "sourcecode.text-based-dylib-definition"; name = libxml2.tbd; path = usr/lib/libxml2.tbd; sourceTree = SDKROOT; };
		1A2EC0E91D35555100EB6405 /* ExportMenu.swift */ = {isa = PBXFileReference; fileEncoding = 4; lastKnownFileType = sourcecode.swift; path = ExportMenu.swift; sourceTree = "<group>"; };
		1A5292891D00B7880081F097 /* openhumans.png */ = {isa = PBXFileReference; lastKnownFileType = image.png; path = openhumans.png; sourceTree = "<group>"; };
		1A54C0CB1D146C06002C0C81 /* OhSettings.plist */ = {isa = PBXFileReference; fileEncoding = 4; lastKnownFileType = text.plist.xml; path = OhSettings.plist; sourceTree = "<group>"; };
		1A54C0CF1D159428002C0C81 /* DataView.swift */ = {isa = PBXFileReference; fileEncoding = 4; lastKnownFileType = sourcecode.swift; path = DataView.swift; sourceTree = "<group>"; };
		1A54C0D11D159B45002C0C81 /* MainMenu.swift */ = {isa = PBXFileReference; fileEncoding = 4; lastKnownFileType = sourcecode.swift; path = MainMenu.swift; sourceTree = "<group>"; };
		1A9D6C041CD2A6B100FF91CD /* OpenHumansUpload.app */ = {isa = PBXFileReference; explicitFileType = wrapper.application; includeInIndex = 0; path = OpenHumansUpload.app; sourceTree = BUILT_PRODUCTS_DIR; };
		1A9D6C071CD2A6B100FF91CD /* AppDelegate.swift */ = {isa = PBXFileReference; lastKnownFileType = sourcecode.swift; path = AppDelegate.swift; sourceTree = "<group>"; };
		1A9D6C091CD2A6B100FF91CD /* ViewController.swift */ = {isa = PBXFileReference; lastKnownFileType = sourcecode.swift; path = ViewController.swift; sourceTree = "<group>"; };
		1A9D6C0C1CD2A6B100FF91CD /* Base */ = {isa = PBXFileReference; lastKnownFileType = file.storyboard; name = Base; path = Base.lproj/Main.storyboard; sourceTree = "<group>"; };
		1A9D6C0F1CD2A6B100FF91CD /* OpenHumansUpload.xcdatamodel */ = {isa = PBXFileReference; lastKnownFileType = wrapper.xcdatamodel; path = OpenHumansUpload.xcdatamodel; sourceTree = "<group>"; };
		1A9D6C111CD2A6B100FF91CD /* Assets.xcassets */ = {isa = PBXFileReference; lastKnownFileType = folder.assetcatalog; path = Assets.xcassets; sourceTree = "<group>"; };
		1A9D6C141CD2A6B100FF91CD /* Base */ = {isa = PBXFileReference; lastKnownFileType = file.storyboard; name = Base; path = Base.lproj/LaunchScreen.storyboard; sourceTree = "<group>"; };
		1A9D6C161CD2A6B100FF91CD /* Info.plist */ = {isa = PBXFileReference; lastKnownFileType = text.plist.xml; path = Info.plist; sourceTree = "<group>"; };
		1A9D6C381CD2AC5900FF91CD /* HealthKit.framework */ = {isa = PBXFileReference; lastKnownFileType = wrapper.framework; name = HealthKit.framework; path = System/Library/Frameworks/HealthKit.framework; sourceTree = SDKROOT; };
		1A9D6C3A1CD2AC5900FF91CD /* OpenHumansUpload.entitlements */ = {isa = PBXFileReference; lastKnownFileType = text.xml; path = OpenHumansUpload.entitlements; sourceTree = "<group>"; };
		1A9FE51C1D245E9A006B8E13 /* OpenHumansAppLogo180.png */ = {isa = PBXFileReference; lastKnownFileType = image.png; path = OpenHumansAppLogo180.png; sourceTree = "<group>"; };
		1A9FE5201D26F59B006B8E13 /* DataFileView.swift */ = {isa = PBXFileReference; fileEncoding = 4; lastKnownFileType = sourcecode.swift; path = DataFileView.swift; sourceTree = "<group>"; };
		1AD810B01D075E2A00867498 /* OH_OAuth2.swift */ = {isa = PBXFileReference; fileEncoding = 4; lastKnownFileType = sourcecode.swift; path = OH_OAuth2.swift; sourceTree = "<group>"; };
		1AD810B61D076F1000867498 /* OhSettings-example.plist */ = {isa = PBXFileReference; fileEncoding = 4; lastKnownFileType = text.plist.xml; path = "OhSettings-example.plist"; sourceTree = "<group>"; };
		1AD810BA1D08985A00867498 /* close-button.png */ = {isa = PBXFileReference; lastKnownFileType = image.png; path = "close-button.png"; sourceTree = "<group>"; };
		1AE68E541D4FDA4C00A6268F /* Fabric.framework */ = {isa = PBXFileReference; lastKnownFileType = wrapper.framework; path = Fabric.framework; sourceTree = "<group>"; };
		1AE68E551D4FDA4C00A6268F /* Crashlytics.framework */ = {isa = PBXFileReference; lastKnownFileType = wrapper.framework; path = Crashlytics.framework; sourceTree = "<group>"; };
		778938E4DF8AD4A786BBC559 /* Pods-OpenHumansUpload.release.xcconfig */ = {isa = PBXFileReference; includeInIndex = 1; lastKnownFileType = text.xcconfig; name = "Pods-OpenHumansUpload.release.xcconfig"; path = "../Pods/Target Support Files/Pods-OpenHumansUpload/Pods-OpenHumansUpload.release.xcconfig"; sourceTree = "<group>"; };
		D55D04439C849A57629B547D /* Pods-OpenHumansUpload.debug.xcconfig */ = {isa = PBXFileReference; includeInIndex = 1; lastKnownFileType = text.xcconfig; name = "Pods-OpenHumansUpload.debug.xcconfig"; path = "../Pods/Target Support Files/Pods-OpenHumansUpload/Pods-OpenHumansUpload.debug.xcconfig"; sourceTree = "<group>"; };
		E9CDAFFC729ED0FED95EA7A4 /* Pods_OpenHumansUpload.framework */ = {isa = PBXFileReference; explicitFileType = wrapper.framework; includeInIndex = 0; path = Pods_OpenHumansUpload.framework; sourceTree = BUILT_PRODUCTS_DIR; };
/* End PBXFileReference section */

/* Begin PBXFrameworksBuildPhase section */
		1A9D6C011CD2A6B100FF91CD /* Frameworks */ = {
			isa = PBXFrameworksBuildPhase;
			buildActionMask = 2147483647;
			files = (
				1A1FA4001D2307EC004BC352 /* libxml2.tbd in Frameworks */,
				1AE68E571D4FDA4C00A6268F /* Crashlytics.framework in Frameworks */,
				1A9D6C391CD2AC5900FF91CD /* HealthKit.framework in Frameworks */,
				FC286A3CFF7424F73EB46D3A /* Pods_OpenHumansUpload.framework in Frameworks */,
				1AE68E561D4FDA4C00A6268F /* Fabric.framework in Frameworks */,
			);
			runOnlyForDeploymentPostprocessing = 0;
		};
/* End PBXFrameworksBuildPhase section */

/* Begin PBXGroup section */
		1A52928B1D00B78E0081F097 /* assets */ = {
			isa = PBXGroup;
			children = (
				1A5292891D00B7880081F097 /* openhumans.png */,
			);
			name = assets;
			sourceTree = "<group>";
		};
		1A9D6BFB1CD2A6B100FF91CD = {
			isa = PBXGroup;
			children = (
				1A9D6C381CD2AC5900FF91CD /* HealthKit.framework */,
				1A9D6C061CD2A6B100FF91CD /* OpenHumansUpload */,
				1A9D6C051CD2A6B100FF91CD /* Products */,
				84020168D928E227FC574FD4 /* Frameworks */,
				40F6AFCBB972ACE67F24D7E5 /* Pods */,
			);
			sourceTree = "<group>";
		};
		1A9D6C051CD2A6B100FF91CD /* Products */ = {
			isa = PBXGroup;
			children = (
				1A9D6C041CD2A6B100FF91CD /* OpenHumansUpload.app */,
			);
			name = Products;
			sourceTree = "<group>";
		};
		1A9D6C061CD2A6B100FF91CD /* OpenHumansUpload */ = {
			isa = PBXGroup;
			children = (
				1A9FE51C1D245E9A006B8E13 /* OpenHumansAppLogo180.png */,
				1AD810BA1D08985A00867498 /* close-button.png */,
				1A52928B1D00B78E0081F097 /* assets */,
				1A9D6C3A1CD2AC5900FF91CD /* OpenHumansUpload.entitlements */,
				1A9D6C071CD2A6B100FF91CD /* AppDelegate.swift */,
				1A9D6C091CD2A6B100FF91CD /* ViewController.swift */,
				1A9D6C0B1CD2A6B100FF91CD /* Main.storyboard */,
				1A9D6C111CD2A6B100FF91CD /* Assets.xcassets */,
				1A9D6C131CD2A6B100FF91CD /* LaunchScreen.storyboard */,
				1A9D6C161CD2A6B100FF91CD /* Info.plist */,
				1A9D6C0E1CD2A6B100FF91CD /* OpenHumansUpload.xcdatamodeld */,
				1AD810B01D075E2A00867498 /* OH_OAuth2.swift */,
				1A54C0CB1D146C06002C0C81 /* OhSettings.plist */,
				1AD810B61D076F1000867498 /* OhSettings-example.plist */,
				1A54C0CF1D159428002C0C81 /* DataView.swift */,
				1A54C0D11D159B45002C0C81 /* MainMenu.swift */,
				1A2EC0E91D35555100EB6405 /* ExportMenu.swift */,
				1A9FE5201D26F59B006B8E13 /* DataFileView.swift */,
			);
			path = OpenHumansUpload;
			sourceTree = "<group>";
		};
		40F6AFCBB972ACE67F24D7E5 /* Pods */ = {
			isa = PBXGroup;
			children = (
				1AE68E541D4FDA4C00A6268F /* Fabric.framework */,
				1AE68E551D4FDA4C00A6268F /* Crashlytics.framework */,
				D55D04439C849A57629B547D /* Pods-OpenHumansUpload.debug.xcconfig */,
				778938E4DF8AD4A786BBC559 /* Pods-OpenHumansUpload.release.xcconfig */,
			);
			name = Pods;
			sourceTree = "<group>";
		};
		84020168D928E227FC574FD4 /* Frameworks */ = {
			isa = PBXGroup;
			children = (
				1A1FA3FF1D2307EC004BC352 /* libxml2.tbd */,
				E9CDAFFC729ED0FED95EA7A4 /* Pods_OpenHumansUpload.framework */,
			);
			name = Frameworks;
			sourceTree = "<group>";
		};
/* End PBXGroup section */

/* Begin PBXNativeTarget section */
		1A9D6C031CD2A6B100FF91CD /* OpenHumansUpload */ = {
			isa = PBXNativeTarget;
			buildConfigurationList = 1A9D6C2F1CD2A6B200FF91CD /* Build configuration list for PBXNativeTarget "OpenHumansUpload" */;
			buildPhases = (
				F823315D1C1B30ED9CE48807 /* [CP] Check Pods Manifest.lock */,
				1A9D6C001CD2A6B100FF91CD /* Sources */,
				1A9D6C011CD2A6B100FF91CD /* Frameworks */,
				1A9D6C021CD2A6B100FF91CD /* Resources */,
				8450C5BC03ADCE20670E7E5F /* [CP] Embed Pods Frameworks */,
				5542E31CC2D08592F76ED1FA /* [CP] Copy Pods Resources */,
				1AE68E531D4FD99800A6268F /* ShellScript */,
			);
			buildRules = (
			);
			dependencies = (
			);
			name = OpenHumansUpload;
			productName = OpenHumansUpload;
			productReference = 1A9D6C041CD2A6B100FF91CD /* OpenHumansUpload.app */;
			productType = "com.apple.product-type.application";
		};
/* End PBXNativeTarget section */

/* Begin PBXProject section */
		1A9D6BFC1CD2A6B100FF91CD /* Project object */ = {
			isa = PBXProject;
			attributes = {
				LastSwiftUpdateCheck = 0730;
				LastUpgradeCheck = 0800;
				ORGANIZATIONNAME = "Open Humans";
				TargetAttributes = {
					1A9D6C031CD2A6B100FF91CD = {
						CreatedOnToolsVersion = 7.3;
						DevelopmentTeam = LF94336N4Q;
						DevelopmentTeamName = "Black Bear Software, LLC";
						SystemCapabilities = {
							com.apple.HealthKit = {
								enabled = 1;
							};
						};
					};
				};
			};
			buildConfigurationList = 1A9D6BFF1CD2A6B100FF91CD /* Build configuration list for PBXProject "OpenHumansUpload" */;
			compatibilityVersion = "Xcode 3.2";
			developmentRegion = English;
			hasScannedForEncodings = 0;
			knownRegions = (
				en,
				Base,
			);
			mainGroup = 1A9D6BFB1CD2A6B100FF91CD;
			productRefGroup = 1A9D6C051CD2A6B100FF91CD /* Products */;
			projectDirPath = "";
			projectRoot = "";
			targets = (
				1A9D6C031CD2A6B100FF91CD /* OpenHumansUpload */,
			);
		};
/* End PBXProject section */

/* Begin PBXResourcesBuildPhase section */
		1A9D6C021CD2A6B100FF91CD /* Resources */ = {
			isa = PBXResourcesBuildPhase;
			buildActionMask = 2147483647;
			files = (
				1A9D6C151CD2A6B100FF91CD /* LaunchScreen.storyboard in Resources */,
				1A54C0CC1D146C06002C0C81 /* OhSettings.plist in Resources */,
				1A9D6C121CD2A6B100FF91CD /* Assets.xcassets in Resources */,
				1AD810BB1D08985A00867498 /* close-button.png in Resources */,
				1A9FE51D1D245E9A006B8E13 /* OpenHumansAppLogo180.png in Resources */,
				1A9D6C0D1CD2A6B100FF91CD /* Main.storyboard in Resources */,
				1AD810B71D076F1000867498 /* OhSettings-example.plist in Resources */,
				1A52928A1D00B7880081F097 /* openhumans.png in Resources */,
			);
			runOnlyForDeploymentPostprocessing = 0;
		};
/* End PBXResourcesBuildPhase section */

/* Begin PBXShellScriptBuildPhase section */
		1AE68E531D4FD99800A6268F /* ShellScript */ = {
			isa = PBXShellScriptBuildPhase;
			buildActionMask = 2147483647;
			files = (
			);
			inputPaths = (
			);
			outputPaths = (
			);
			runOnlyForDeploymentPostprocessing = 0;
			shellPath = /bin/sh;
			shellScript = "./Fabric.framework/run 234671085b2ddbed458e041e25ca9e4639079896 4fd90cce1b0faa45fe7a3a54820bc4a0ca0093413405cdfd44bc8ad0ddcc1d19c2d7fd";
		};
		5542E31CC2D08592F76ED1FA /* [CP] Copy Pods Resources */ = {
			isa = PBXShellScriptBuildPhase;
			buildActionMask = 2147483647;
			files = (
			);
			inputPaths = (
			);
			name = "[CP] Copy Pods Resources";
			outputPaths = (
			);
			runOnlyForDeploymentPostprocessing = 0;
			shellPath = /bin/sh;
			shellScript = "\"${SRCROOT}/../Pods/Target Support Files/Pods-OpenHumansUpload/Pods-OpenHumansUpload-resources.sh\"\n";
			showEnvVarsInLog = 0;
		};
		8450C5BC03ADCE20670E7E5F /* [CP] Embed Pods Frameworks */ = {
			isa = PBXShellScriptBuildPhase;
			buildActionMask = 2147483647;
			files = (
			);
			inputPaths = (
			);
			name = "[CP] Embed Pods Frameworks";
			outputPaths = (
			);
			runOnlyForDeploymentPostprocessing = 0;
			shellPath = /bin/sh;
			shellScript = "\"${SRCROOT}/../Pods/Target Support Files/Pods-OpenHumansUpload/Pods-OpenHumansUpload-frameworks.sh\"\n";
			showEnvVarsInLog = 0;
		};
		F823315D1C1B30ED9CE48807 /* [CP] Check Pods Manifest.lock */ = {
			isa = PBXShellScriptBuildPhase;
			buildActionMask = 2147483647;
			files = (
			);
			inputPaths = (
			);
			name = "[CP] Check Pods Manifest.lock";
			outputPaths = (
			);
			runOnlyForDeploymentPostprocessing = 0;
			shellPath = /bin/sh;
			shellScript = "diff \"${PODS_ROOT}/../Podfile.lock\" \"${PODS_ROOT}/Manifest.lock\" > /dev/null\nif [[ $? != 0 ]] ; then\n    cat << EOM\nerror: The sandbox is not in sync with the Podfile.lock. Run 'pod install' or update your CocoaPods installation.\nEOM\n    exit 1\nfi\n";
			showEnvVarsInLog = 0;
		};
/* End PBXShellScriptBuildPhase section */

/* Begin PBXSourcesBuildPhase section */
		1A9D6C001CD2A6B100FF91CD /* Sources */ = {
			isa = PBXSourcesBuildPhase;
			buildActionMask = 2147483647;
			files = (
				1A9D6C0A1CD2A6B100FF91CD /* ViewController.swift in Sources */,
				1A54C0D21D159B45002C0C81 /* MainMenu.swift in Sources */,
				1A2EC0EA1D35555100EB6405 /* ExportMenu.swift in Sources */,
				1AD810B11D075E2A00867498 /* OH_OAuth2.swift in Sources */,
				1A54C0D01D159428002C0C81 /* DataView.swift in Sources */,
				1A9D6C081CD2A6B100FF91CD /* AppDelegate.swift in Sources */,
				1A9FE5211D26F59B006B8E13 /* DataFileView.swift in Sources */,
				1A9D6C101CD2A6B100FF91CD /* OpenHumansUpload.xcdatamodeld in Sources */,
			);
			runOnlyForDeploymentPostprocessing = 0;
		};
/* End PBXSourcesBuildPhase section */

/* Begin PBXVariantGroup section */
		1A9D6C0B1CD2A6B100FF91CD /* Main.storyboard */ = {
			isa = PBXVariantGroup;
			children = (
				1A9D6C0C1CD2A6B100FF91CD /* Base */,
			);
			name = Main.storyboard;
			sourceTree = "<group>";
		};
		1A9D6C131CD2A6B100FF91CD /* LaunchScreen.storyboard */ = {
			isa = PBXVariantGroup;
			children = (
				1A9D6C141CD2A6B100FF91CD /* Base */,
			);
			name = LaunchScreen.storyboard;
			sourceTree = "<group>";
		};
/* End PBXVariantGroup section */

/* Begin XCBuildConfiguration section */
		1A9D6C2D1CD2A6B200FF91CD /* Debug */ = {
			isa = XCBuildConfiguration;
			buildSettings = {
				ALWAYS_SEARCH_USER_PATHS = NO;
				CLANG_ANALYZER_NONNULL = YES;
				CLANG_CXX_LANGUAGE_STANDARD = "gnu++0x";
				CLANG_CXX_LIBRARY = "libc++";
				CLANG_ENABLE_MODULES = YES;
				CLANG_ENABLE_OBJC_ARC = YES;
				CLANG_WARN_BOOL_CONVERSION = YES;
				CLANG_WARN_CONSTANT_CONVERSION = YES;
				CLANG_WARN_DIRECT_OBJC_ISA_USAGE = YES_ERROR;
				CLANG_WARN_EMPTY_BODY = YES;
				CLANG_WARN_ENUM_CONVERSION = YES;
				CLANG_WARN_INFINITE_RECURSION = YES;
				CLANG_WARN_INT_CONVERSION = YES;
				CLANG_WARN_OBJC_ROOT_CLASS = YES_ERROR;
				CLANG_WARN_SUSPICIOUS_MOVE = YES;
				CLANG_WARN_UNREACHABLE_CODE = YES;
				CLANG_WARN__DUPLICATE_METHOD_MATCH = YES;
				"CODE_SIGN_IDENTITY[sdk=iphoneos*]" = "iPhone Developer";
				COPY_PHASE_STRIP = NO;
				DEBUG_INFORMATION_FORMAT = dwarf;
				ENABLE_STRICT_OBJC_MSGSEND = YES;
				ENABLE_TESTABILITY = YES;
				GCC_C_LANGUAGE_STANDARD = gnu99;
				GCC_DYNAMIC_NO_PIC = NO;
				GCC_NO_COMMON_BLOCKS = YES;
				GCC_OPTIMIZATION_LEVEL = 0;
				GCC_PREPROCESSOR_DEFINITIONS = (
					"DEBUG=1",
					"$(inherited)",
				);
				GCC_WARN_64_TO_32_BIT_CONVERSION = YES;
				GCC_WARN_ABOUT_RETURN_TYPE = YES_ERROR;
				GCC_WARN_UNDECLARED_SELECTOR = YES;
				GCC_WARN_UNINITIALIZED_AUTOS = YES_AGGRESSIVE;
				GCC_WARN_UNUSED_FUNCTION = YES;
				GCC_WARN_UNUSED_VARIABLE = YES;
				IPHONEOS_DEPLOYMENT_TARGET = 9.3;
				MTL_ENABLE_DEBUG_INFO = YES;
				ONLY_ACTIVE_ARCH = YES;
				SDKROOT = iphoneos;
				SWIFT_OPTIMIZATION_LEVEL = "-Onone";
			};
			name = Debug;
		};
		1A9D6C2E1CD2A6B200FF91CD /* Release */ = {
			isa = XCBuildConfiguration;
			buildSettings = {
				ALWAYS_SEARCH_USER_PATHS = NO;
				CLANG_ANALYZER_NONNULL = YES;
				CLANG_CXX_LANGUAGE_STANDARD = "gnu++0x";
				CLANG_CXX_LIBRARY = "libc++";
				CLANG_ENABLE_MODULES = YES;
				CLANG_ENABLE_OBJC_ARC = YES;
				CLANG_WARN_BOOL_CONVERSION = YES;
				CLANG_WARN_CONSTANT_CONVERSION = YES;
				CLANG_WARN_DIRECT_OBJC_ISA_USAGE = YES_ERROR;
				CLANG_WARN_EMPTY_BODY = YES;
				CLANG_WARN_ENUM_CONVERSION = YES;
				CLANG_WARN_INFINITE_RECURSION = YES;
				CLANG_WARN_INT_CONVERSION = YES;
				CLANG_WARN_OBJC_ROOT_CLASS = YES_ERROR;
				CLANG_WARN_SUSPICIOUS_MOVE = YES;
				CLANG_WARN_UNREACHABLE_CODE = YES;
				CLANG_WARN__DUPLICATE_METHOD_MATCH = YES;
				"CODE_SIGN_IDENTITY[sdk=iphoneos*]" = "iPhone Developer";
				COPY_PHASE_STRIP = NO;
				DEBUG_INFORMATION_FORMAT = "dwarf-with-dsym";
				ENABLE_NS_ASSERTIONS = NO;
				ENABLE_STRICT_OBJC_MSGSEND = YES;
				GCC_C_LANGUAGE_STANDARD = gnu99;
				GCC_NO_COMMON_BLOCKS = YES;
				GCC_WARN_64_TO_32_BIT_CONVERSION = YES;
				GCC_WARN_ABOUT_RETURN_TYPE = YES_ERROR;
				GCC_WARN_UNDECLARED_SELECTOR = YES;
				GCC_WARN_UNINITIALIZED_AUTOS = YES_AGGRESSIVE;
				GCC_WARN_UNUSED_FUNCTION = YES;
				GCC_WARN_UNUSED_VARIABLE = YES;
				IPHONEOS_DEPLOYMENT_TARGET = 9.3;
				MTL_ENABLE_DEBUG_INFO = NO;
				SDKROOT = iphoneos;
				SWIFT_OPTIMIZATION_LEVEL = "-Owholemodule";
				VALIDATE_PRODUCT = YES;
			};
			name = Release;
		};
		1A9D6C301CD2A6B200FF91CD /* Debug */ = {
			isa = XCBuildConfiguration;
			baseConfigurationReference = D55D04439C849A57629B547D /* Pods-OpenHumansUpload.debug.xcconfig */;
			buildSettings = {
				ALWAYS_EMBED_SWIFT_STANDARD_LIBRARIES = YES;
				ASSETCATALOG_COMPILER_APPICON_NAME = AppIcon;
				CODE_SIGN_ENTITLEMENTS = OpenHumansUpload/OpenHumansUpload.entitlements;
				CODE_SIGN_IDENTITY = "iPhone Developer";
				"CODE_SIGN_IDENTITY[sdk=iphoneos*]" = "iPhone Developer";
				DEBUG_INFORMATION_FORMAT = "dwarf-with-dsym";
				ENABLE_BITCODE = YES;
				FRAMEWORK_SEARCH_PATHS = (
					"$(inherited)",
					"$(PROJECT_DIR)",
				);
				INFOPLIST_FILE = OpenHumansUpload/Info.plist;
				IPHONEOS_DEPLOYMENT_TARGET = 9.3;
				LD_RUNPATH_SEARCH_PATHS = "$(inherited) @executable_path/Frameworks";
				PRODUCT_BUNDLE_IDENTIFIER = biz.blackbear.openhumanshealthkit;
				PRODUCT_NAME = "$(TARGET_NAME)";
				PROVISIONING_PROFILE = "";
				SWIFT_DISABLE_SAFETY_CHECKS = YES;
				SWIFT_VERSION = 2.3;
				TARGETED_DEVICE_FAMILY = "1,2";
			};
			name = Debug;
		};
		1A9D6C311CD2A6B200FF91CD /* Release */ = {
			isa = XCBuildConfiguration;
			baseConfigurationReference = 778938E4DF8AD4A786BBC559 /* Pods-OpenHumansUpload.release.xcconfig */;
			buildSettings = {
				ALWAYS_EMBED_SWIFT_STANDARD_LIBRARIES = YES;
				ASSETCATALOG_COMPILER_APPICON_NAME = AppIcon;
				CODE_SIGN_ENTITLEMENTS = OpenHumansUpload/OpenHumansUpload.entitlements;
				CODE_SIGN_IDENTITY = "iPhone Developer";
				"CODE_SIGN_IDENTITY[sdk=iphoneos*]" = "iPhone Developer";
				ENABLE_BITCODE = YES;
				FRAMEWORK_SEARCH_PATHS = (
					"$(inherited)",
					"$(PROJECT_DIR)",
				);
				INFOPLIST_FILE = OpenHumansUpload/Info.plist;
				IPHONEOS_DEPLOYMENT_TARGET = 9.3;
				LD_RUNPATH_SEARCH_PATHS = "$(inherited) @executable_path/Frameworks";
				PRODUCT_BUNDLE_IDENTIFIER = biz.blackbear.openhumanshealthkit;
				PRODUCT_NAME = "$(TARGET_NAME)";
				PROVISIONING_PROFILE = "";
				SWIFT_DISABLE_SAFETY_CHECKS = YES;
				SWIFT_VERSION = 2.3;
				TARGETED_DEVICE_FAMILY = "1,2";
			};
			name = Release;
		};
/* End XCBuildConfiguration section */

/* Begin XCConfigurationList section */
		1A9D6BFF1CD2A6B100FF91CD /* Build configuration list for PBXProject "OpenHumansUpload" */ = {
			isa = XCConfigurationList;
			buildConfigurations = (
				1A9D6C2D1CD2A6B200FF91CD /* Debug */,
				1A9D6C2E1CD2A6B200FF91CD /* Release */,
			);
			defaultConfigurationIsVisible = 0;
			defaultConfigurationName = Release;
		};
		1A9D6C2F1CD2A6B200FF91CD /* Build configuration list for PBXNativeTarget "OpenHumansUpload" */ = {
			isa = XCConfigurationList;
			buildConfigurations = (
				1A9D6C301CD2A6B200FF91CD /* Debug */,
				1A9D6C311CD2A6B200FF91CD /* Release */,
			);
			defaultConfigurationIsVisible = 0;
			defaultConfigurationName = Release;
		};
/* End XCConfigurationList section */

/* Begin XCVersionGroup section */
		1A9D6C0E1CD2A6B100FF91CD /* OpenHumansUpload.xcdatamodeld */ = {
			isa = XCVersionGroup;
			children = (
				1A9D6C0F1CD2A6B100FF91CD /* OpenHumansUpload.xcdatamodel */,
			);
			currentVersion = 1A9D6C0F1CD2A6B100FF91CD /* OpenHumansUpload.xcdatamodel */;
			path = OpenHumansUpload.xcdatamodeld;
			sourceTree = "<group>";
			versionGroupType = wrapper.xcdatamodel;
		};
/* End XCVersionGroup section */
	};
	rootObject = 1A9D6BFC1CD2A6B100FF91CD /* Project object */;
}
